
Microsoft Visual Studio Solution File, Format Version 12.00
# Visual Studio Version 17
VisualStudioVersion = 17.6.33801.468
MinimumVisualStudioVersion = 10.0.40219.1
Project("{8BC9CEB8-8B4A-11D0-8D11-00A0C91BC942}") = "LearnOpenGL", "LearnOpenGL\LearnOpenGL.vcxproj", "{011AE4F5-7215-4B36-882F-CF4040FC924A}"
EndProject
Project("{8BC9CEB8-8B4A-11D0-8D11-00A0C91BC942}") = "HelloTriangle", "HelloTriangle\HelloTriangle.vcxproj", "{20802931-8735-4AE4-BBDE-AABAAF50D795}"
EndProject
Project("{8BC9CEB8-8B4A-11D0-8D11-00A0C91BC942}") = "Shader", "Shader\Shader.vcxproj", "{C134DA26-D0E5-483C-B01F-36E38A9C1973}"
EndProject
Project("{8BC9CEB8-8B4A-11D0-8D11-00A0C91BC942}") = "Texture", "Texture\Texture.vcxproj", "{DF3F9347-D4B7-4D02-B58A-84BC8B44CEAD}"
EndProject
Project("{8BC9CEB8-8B4A-11D0-8D11-00A0C91BC942}") = "Transformations", "Transformations\Transformations.vcxproj", "{6D352667-DAFA-424A-84B4-3688E9CA03F0}"
EndProject
Project("{8BC9CEB8-8B4A-11D0-8D11-00A0C91BC942}") = "Coordinates", "Coordinates\Coordinates.vcxproj", "{4755D4EC-205B-4727-84D0-E03E4172375B}"
EndProject
Project("{8BC9CEB8-8B4A-11D0-8D11-00A0C91BC942}") = "Camera", "Camera\Camera.vcxproj", "{4A558A25-12E8-4AE3-BE98-581AEEFE6CB4}"
EndProject
Project("{8BC9CEB8-8B4A-11D0-8D11-00A0C91BC942}") = "TransformColors", "TransformColors\TransformColors.vcxproj", "{165E844E-6389-4F39-A62B-A76BBBE38F82}"
EndProject
Project("{8BC9CEB8-8B4A-11D0-8D11-00A0C91BC942}") = "BasicLighting", "BasicLighting\BasicLighting.vcxproj", "{63EF1D16-1728-43B8-A705-A888F0B13135}"
EndProject
Project("{8BC9CEB8-8B4A-11D0-8D11-00A0C91BC942}") = "Materials", "Materials\Materials.vcxproj", "{3BBB528F-5E39-4D75-8E6B-C695E2A4DAA5}"
EndProject
Project("{8BC9CEB8-8B4A-11D0-8D11-00A0C91BC942}") = "LightingMaps", "LightingMaps\LightingMaps.vcxproj", "{3E410EA3-BA6A-43DE-B682-499D9E28AFCF}"
EndProject
Project("{8BC9CEB8-8B4A-11D0-8D11-00A0C91BC942}") = "LightCasters", "LightCasters\LightCasters.vcxproj", "{1F9F3160-3A68-489A-8364-8FBA813F414C}"
EndProject
Project("{8BC9CEB8-8B4A-11D0-8D11-00A0C91BC942}") = "MultipleLights", "MultipleLights\MultipleLights.vcxproj", "{74FF2C9B-F6FD-4D79-B58A-6DF931DCC6DF}"
EndProject
Project("{8BC9CEB8-8B4A-11D0-8D11-00A0C91BC942}") = "MultipleLightsWithGUI", "MultipleLightsWithGUI\MultipleLightsWithGUI.vcxproj", "{9ADEF97A-B4D0-4659-86D2-972B96E0B68A}"
EndProject
Project("{8BC9CEB8-8B4A-11D0-8D11-00A0C91BC942}") = "Mesh", "Assimp\Assimp.vcxproj", "{BB64021E-911B-4096-86A5-59A9108FDDEF}"
EndProject
Project("{8BC9CEB8-8B4A-11D0-8D11-00A0C91BC942}") = "Model", "Model\Model.vcxproj", "{3446C068-063C-4818-A9BC-F9BE5F91964D}"
EndProject
Project("{8BC9CEB8-8B4A-11D0-8D11-00A0C91BC942}") = "AdvancedLighting", "AdvancedLighting\AdvancedLighting.vcxproj", "{E2DE4135-12F5-4DB6-B771-F41A095E96E6}"
EndProject
Project("{8BC9CEB8-8B4A-11D0-8D11-00A0C91BC942}") = "GammaCorrection", "GammaCorrection\GammaCorrection.vcxproj", "{F17D6118-A18F-4E77-A0FF-2EB57BEE62C8}"
EndProject
Project("{8BC9CEB8-8B4A-11D0-8D11-00A0C91BC942}") = "ShadowMapping", "ShadowMapping\ShadowMapping.vcxproj", "{55D35FB5-3F6A-4F04-B4BC-2C76F1132636}"
EndProject
Project("{8BC9CEB8-8B4A-11D0-8D11-00A0C91BC942}") = "DepthTestingAndStencilTesting", "DepthTesting\DepthTesting.vcxproj", "{150CFBE8-752B-4BE4-B9FE-FA45C31C450E}"
EndProject
Project("{8BC9CEB8-8B4A-11D0-8D11-00A0C91BC942}") = "Blend", "Blend\Blend.vcxproj", "{DED192A2-FC2C-4A79-91FB-CC54827A850B}"
EndProject
Global
	GlobalSection(SolutionConfigurationPlatforms) = preSolution
		Debug|x64 = Debug|x64
		Debug|x86 = Debug|x86
		Release|x64 = Release|x64
		Release|x86 = Release|x86
	EndGlobalSection
	GlobalSection(ProjectConfigurationPlatforms) = postSolution
		{011AE4F5-7215-4B36-882F-CF4040FC924A}.Debug|x64.ActiveCfg = Debug|x64
		{011AE4F5-7215-4B36-882F-CF4040FC924A}.Debug|x64.Build.0 = Debug|x64
		{011AE4F5-7215-4B36-882F-CF4040FC924A}.Debug|x86.ActiveCfg = Debug|Win32
		{011AE4F5-7215-4B36-882F-CF4040FC924A}.Debug|x86.Build.0 = Debug|Win32
		{011AE4F5-7215-4B36-882F-CF4040FC924A}.Release|x64.ActiveCfg = Release|x64
		{011AE4F5-7215-4B36-882F-CF4040FC924A}.Release|x64.Build.0 = Release|x64
		{011AE4F5-7215-4B36-882F-CF4040FC924A}.Release|x86.ActiveCfg = Release|Win32
		{011AE4F5-7215-4B36-882F-CF4040FC924A}.Release|x86.Build.0 = Release|Win32
		{20802931-8735-4AE4-BBDE-AABAAF50D795}.Debug|x64.ActiveCfg = Debug|x64
		{20802931-8735-4AE4-BBDE-AABAAF50D795}.Debug|x64.Build.0 = Debug|x64
		{20802931-8735-4AE4-BBDE-AABAAF50D795}.Debug|x86.ActiveCfg = Debug|Win32
		{20802931-8735-4AE4-BBDE-AABAAF50D795}.Debug|x86.Build.0 = Debug|Win32
		{20802931-8735-4AE4-BBDE-AABAAF50D795}.Release|x64.ActiveCfg = Release|x64
		{20802931-8735-4AE4-BBDE-AABAAF50D795}.Release|x64.Build.0 = Release|x64
		{20802931-8735-4AE4-BBDE-AABAAF50D795}.Release|x86.ActiveCfg = Release|Win32
		{20802931-8735-4AE4-BBDE-AABAAF50D795}.Release|x86.Build.0 = Release|Win32
		{C134DA26-D0E5-483C-B01F-36E38A9C1973}.Debug|x64.ActiveCfg = Debug|x64
		{C134DA26-D0E5-483C-B01F-36E38A9C1973}.Debug|x64.Build.0 = Debug|x64
		{C134DA26-D0E5-483C-B01F-36E38A9C1973}.Debug|x86.ActiveCfg = Debug|Win32
		{C134DA26-D0E5-483C-B01F-36E38A9C1973}.Debug|x86.Build.0 = Debug|Win32
		{C134DA26-D0E5-483C-B01F-36E38A9C1973}.Release|x64.ActiveCfg = Release|x64
		{C134DA26-D0E5-483C-B01F-36E38A9C1973}.Release|x64.Build.0 = Release|x64
		{C134DA26-D0E5-483C-B01F-36E38A9C1973}.Release|x86.ActiveCfg = Release|Win32
		{C134DA26-D0E5-483C-B01F-36E38A9C1973}.Release|x86.Build.0 = Release|Win32
		{DF3F9347-D4B7-4D02-B58A-84BC8B44CEAD}.Debug|x64.ActiveCfg = Debug|x64
		{DF3F9347-D4B7-4D02-B58A-84BC8B44CEAD}.Debug|x64.Build.0 = Debug|x64
		{DF3F9347-D4B7-4D02-B58A-84BC8B44CEAD}.Debug|x86.ActiveCfg = Debug|Win32
		{DF3F9347-D4B7-4D02-B58A-84BC8B44CEAD}.Debug|x86.Build.0 = Debug|Win32
		{DF3F9347-D4B7-4D02-B58A-84BC8B44CEAD}.Release|x64.ActiveCfg = Release|x64
		{DF3F9347-D4B7-4D02-B58A-84BC8B44CEAD}.Release|x64.Build.0 = Release|x64
		{DF3F9347-D4B7-4D02-B58A-84BC8B44CEAD}.Release|x86.ActiveCfg = Release|Win32
		{DF3F9347-D4B7-4D02-B58A-84BC8B44CEAD}.Release|x86.Build.0 = Release|Win32
		{6D352667-DAFA-424A-84B4-3688E9CA03F0}.Debug|x64.ActiveCfg = Debug|x64
		{6D352667-DAFA-424A-84B4-3688E9CA03F0}.Debug|x64.Build.0 = Debug|x64
		{6D352667-DAFA-424A-84B4-3688E9CA03F0}.Debug|x86.ActiveCfg = Debug|Win32
		{6D352667-DAFA-424A-84B4-3688E9CA03F0}.Debug|x86.Build.0 = Debug|Win32
		{6D352667-DAFA-424A-84B4-3688E9CA03F0}.Release|x64.ActiveCfg = Release|x64
		{6D352667-DAFA-424A-84B4-3688E9CA03F0}.Release|x64.Build.0 = Release|x64
		{6D352667-DAFA-424A-84B4-3688E9CA03F0}.Release|x86.ActiveCfg = Release|Win32
		{6D352667-DAFA-424A-84B4-3688E9CA03F0}.Release|x86.Build.0 = Release|Win32
		{4755D4EC-205B-4727-84D0-E03E4172375B}.Debug|x64.ActiveCfg = Debug|x64
		{4755D4EC-205B-4727-84D0-E03E4172375B}.Debug|x64.Build.0 = Debug|x64
		{4755D4EC-205B-4727-84D0-E03E4172375B}.Debug|x86.ActiveCfg = Debug|Win32
		{4755D4EC-205B-4727-84D0-E03E4172375B}.Debug|x86.Build.0 = Debug|Win32
		{4755D4EC-205B-4727-84D0-E03E4172375B}.Release|x64.ActiveCfg = Release|x64
		{4755D4EC-205B-4727-84D0-E03E4172375B}.Release|x64.Build.0 = Release|x64
		{4755D4EC-205B-4727-84D0-E03E4172375B}.Release|x86.ActiveCfg = Release|Win32
		{4755D4EC-205B-4727-84D0-E03E4172375B}.Release|x86.Build.0 = Release|Win32
		{4A558A25-12E8-4AE3-BE98-581AEEFE6CB4}.Debug|x64.ActiveCfg = Debug|x64
		{4A558A25-12E8-4AE3-BE98-581AEEFE6CB4}.Debug|x64.Build.0 = Debug|x64
		{4A558A25-12E8-4AE3-BE98-581AEEFE6CB4}.Debug|x86.ActiveCfg = Debug|Win32
		{4A558A25-12E8-4AE3-BE98-581AEEFE6CB4}.Debug|x86.Build.0 = Debug|Win32
		{4A558A25-12E8-4AE3-BE98-581AEEFE6CB4}.Release|x64.ActiveCfg = Release|x64
		{4A558A25-12E8-4AE3-BE98-581AEEFE6CB4}.Release|x64.Build.0 = Release|x64
		{4A558A25-12E8-4AE3-BE98-581AEEFE6CB4}.Release|x86.ActiveCfg = Release|Win32
		{4A558A25-12E8-4AE3-BE98-581AEEFE6CB4}.Release|x86.Build.0 = Release|Win32
		{165E844E-6389-4F39-A62B-A76BBBE38F82}.Debug|x64.ActiveCfg = Debug|x64
		{165E844E-6389-4F39-A62B-A76BBBE38F82}.Debug|x64.Build.0 = Debug|x64
		{165E844E-6389-4F39-A62B-A76BBBE38F82}.Debug|x86.ActiveCfg = Debug|Win32
		{165E844E-6389-4F39-A62B-A76BBBE38F82}.Debug|x86.Build.0 = Debug|Win32
		{165E844E-6389-4F39-A62B-A76BBBE38F82}.Release|x64.ActiveCfg = Release|x64
		{165E844E-6389-4F39-A62B-A76BBBE38F82}.Release|x64.Build.0 = Release|x64
		{165E844E-6389-4F39-A62B-A76BBBE38F82}.Release|x86.ActiveCfg = Release|Win32
		{165E844E-6389-4F39-A62B-A76BBBE38F82}.Release|x86.Build.0 = Release|Win32
		{63EF1D16-1728-43B8-A705-A888F0B13135}.Debug|x64.ActiveCfg = Debug|x64
		{63EF1D16-1728-43B8-A705-A888F0B13135}.Debug|x64.Build.0 = Debug|x64
		{63EF1D16-1728-43B8-A705-A888F0B13135}.Debug|x86.ActiveCfg = Debug|Win32
		{63EF1D16-1728-43B8-A705-A888F0B13135}.Debug|x86.Build.0 = Debug|Win32
		{63EF1D16-1728-43B8-A705-A888F0B13135}.Release|x64.ActiveCfg = Release|x64
		{63EF1D16-1728-43B8-A705-A888F0B13135}.Release|x64.Build.0 = Release|x64
		{63EF1D16-1728-43B8-A705-A888F0B13135}.Release|x86.ActiveCfg = Release|Win32
		{63EF1D16-1728-43B8-A705-A888F0B13135}.Release|x86.Build.0 = Release|Win32
		{3BBB528F-5E39-4D75-8E6B-C695E2A4DAA5}.Debug|x64.ActiveCfg = Debug|x64
		{3BBB528F-5E39-4D75-8E6B-C695E2A4DAA5}.Debug|x64.Build.0 = Debug|x64
		{3BBB528F-5E39-4D75-8E6B-C695E2A4DAA5}.Debug|x86.ActiveCfg = Debug|Win32
		{3BBB528F-5E39-4D75-8E6B-C695E2A4DAA5}.Debug|x86.Build.0 = Debug|Win32
		{3BBB528F-5E39-4D75-8E6B-C695E2A4DAA5}.Release|x64.ActiveCfg = Release|x64
		{3BBB528F-5E39-4D75-8E6B-C695E2A4DAA5}.Release|x64.Build.0 = Release|x64
		{3BBB528F-5E39-4D75-8E6B-C695E2A4DAA5}.Release|x86.ActiveCfg = Release|Win32
		{3BBB528F-5E39-4D75-8E6B-C695E2A4DAA5}.Release|x86.Build.0 = Release|Win32
		{3E410EA3-BA6A-43DE-B682-499D9E28AFCF}.Debug|x64.ActiveCfg = Debug|x64
		{3E410EA3-BA6A-43DE-B682-499D9E28AFCF}.Debug|x64.Build.0 = Debug|x64
		{3E410EA3-BA6A-43DE-B682-499D9E28AFCF}.Debug|x86.ActiveCfg = Debug|Win32
		{3E410EA3-BA6A-43DE-B682-499D9E28AFCF}.Debug|x86.Build.0 = Debug|Win32
		{3E410EA3-BA6A-43DE-B682-499D9E28AFCF}.Release|x64.ActiveCfg = Release|x64
		{3E410EA3-BA6A-43DE-B682-499D9E28AFCF}.Release|x64.Build.0 = Release|x64
		{3E410EA3-BA6A-43DE-B682-499D9E28AFCF}.Release|x86.ActiveCfg = Release|Win32
		{3E410EA3-BA6A-43DE-B682-499D9E28AFCF}.Release|x86.Build.0 = Release|Win32
		{1F9F3160-3A68-489A-8364-8FBA813F414C}.Debug|x64.ActiveCfg = Debug|x64
		{1F9F3160-3A68-489A-8364-8FBA813F414C}.Debug|x64.Build.0 = Debug|x64
		{1F9F3160-3A68-489A-8364-8FBA813F414C}.Debug|x86.ActiveCfg = Debug|Win32
		{1F9F3160-3A68-489A-8364-8FBA813F414C}.Debug|x86.Build.0 = Debug|Win32
		{1F9F3160-3A68-489A-8364-8FBA813F414C}.Release|x64.ActiveCfg = Release|x64
		{1F9F3160-3A68-489A-8364-8FBA813F414C}.Release|x64.Build.0 = Release|x64
		{1F9F3160-3A68-489A-8364-8FBA813F414C}.Release|x86.ActiveCfg = Release|Win32
		{1F9F3160-3A68-489A-8364-8FBA813F414C}.Release|x86.Build.0 = Release|Win32
		{74FF2C9B-F6FD-4D79-B58A-6DF931DCC6DF}.Debug|x64.ActiveCfg = Debug|x64
		{74FF2C9B-F6FD-4D79-B58A-6DF931DCC6DF}.Debug|x64.Build.0 = Debug|x64
		{74FF2C9B-F6FD-4D79-B58A-6DF931DCC6DF}.Debug|x86.ActiveCfg = Debug|Win32
		{74FF2C9B-F6FD-4D79-B58A-6DF931DCC6DF}.Debug|x86.Build.0 = Debug|Win32
		{74FF2C9B-F6FD-4D79-B58A-6DF931DCC6DF}.Release|x64.ActiveCfg = Release|x64
		{74FF2C9B-F6FD-4D79-B58A-6DF931DCC6DF}.Release|x64.Build.0 = Release|x64
		{74FF2C9B-F6FD-4D79-B58A-6DF931DCC6DF}.Release|x86.ActiveCfg = Release|Win32
		{74FF2C9B-F6FD-4D79-B58A-6DF931DCC6DF}.Release|x86.Build.0 = Release|Win32
		{9ADEF97A-B4D0-4659-86D2-972B96E0B68A}.Debug|x64.ActiveCfg = Debug|x64
		{9ADEF97A-B4D0-4659-86D2-972B96E0B68A}.Debug|x64.Build.0 = Debug|x64
		{9ADEF97A-B4D0-4659-86D2-972B96E0B68A}.Debug|x86.ActiveCfg = Debug|Win32
		{9ADEF97A-B4D0-4659-86D2-972B96E0B68A}.Debug|x86.Build.0 = Debug|Win32
		{9ADEF97A-B4D0-4659-86D2-972B96E0B68A}.Release|x64.ActiveCfg = Release|x64
		{9ADEF97A-B4D0-4659-86D2-972B96E0B68A}.Release|x64.Build.0 = Release|x64
		{9ADEF97A-B4D0-4659-86D2-972B96E0B68A}.Release|x86.ActiveCfg = Release|Win32
		{9ADEF97A-B4D0-4659-86D2-972B96E0B68A}.Release|x86.Build.0 = Release|Win32
		{BB64021E-911B-4096-86A5-59A9108FDDEF}.Debug|x64.ActiveCfg = Debug|x64
		{BB64021E-911B-4096-86A5-59A9108FDDEF}.Debug|x64.Build.0 = Debug|x64
		{BB64021E-911B-4096-86A5-59A9108FDDEF}.Debug|x86.ActiveCfg = Debug|Win32
		{BB64021E-911B-4096-86A5-59A9108FDDEF}.Debug|x86.Build.0 = Debug|Win32
		{BB64021E-911B-4096-86A5-59A9108FDDEF}.Release|x64.ActiveCfg = Release|x64
		{BB64021E-911B-4096-86A5-59A9108FDDEF}.Release|x64.Build.0 = Release|x64
		{BB64021E-911B-4096-86A5-59A9108FDDEF}.Release|x86.ActiveCfg = Release|Win32
		{BB64021E-911B-4096-86A5-59A9108FDDEF}.Release|x86.Build.0 = Release|Win32
		{3446C068-063C-4818-A9BC-F9BE5F91964D}.Debug|x64.ActiveCfg = Debug|x64
		{3446C068-063C-4818-A9BC-F9BE5F91964D}.Debug|x64.Build.0 = Debug|x64
		{3446C068-063C-4818-A9BC-F9BE5F91964D}.Debug|x86.ActiveCfg = Debug|Win32
		{3446C068-063C-4818-A9BC-F9BE5F91964D}.Debug|x86.Build.0 = Debug|Win32
		{3446C068-063C-4818-A9BC-F9BE5F91964D}.Release|x64.ActiveCfg = Release|x64
		{3446C068-063C-4818-A9BC-F9BE5F91964D}.Release|x64.Build.0 = Release|x64
		{3446C068-063C-4818-A9BC-F9BE5F91964D}.Release|x86.ActiveCfg = Release|Win32
		{3446C068-063C-4818-A9BC-F9BE5F91964D}.Release|x86.Build.0 = Release|Win32
		{E2DE4135-12F5-4DB6-B771-F41A095E96E6}.Debug|x64.ActiveCfg = Debug|x64
		{E2DE4135-12F5-4DB6-B771-F41A095E96E6}.Debug|x64.Build.0 = Debug|x64
		{E2DE4135-12F5-4DB6-B771-F41A095E96E6}.Debug|x86.ActiveCfg = Debug|Win32
		{E2DE4135-12F5-4DB6-B771-F41A095E96E6}.Debug|x86.Build.0 = Debug|Win32
		{E2DE4135-12F5-4DB6-B771-F41A095E96E6}.Release|x64.ActiveCfg = Release|x64
		{E2DE4135-12F5-4DB6-B771-F41A095E96E6}.Release|x64.Build.0 = Release|x64
		{E2DE4135-12F5-4DB6-B771-F41A095E96E6}.Release|x86.ActiveCfg = Release|Win32
		{E2DE4135-12F5-4DB6-B771-F41A095E96E6}.Release|x86.Build.0 = Release|Win32
		{F17D6118-A18F-4E77-A0FF-2EB57BEE62C8}.Debug|x64.ActiveCfg = Debug|x64
		{F17D6118-A18F-4E77-A0FF-2EB57BEE62C8}.Debug|x64.Build.0 = Debug|x64
		{F17D6118-A18F-4E77-A0FF-2EB57BEE62C8}.Debug|x86.ActiveCfg = Debug|Win32
		{F17D6118-A18F-4E77-A0FF-2EB57BEE62C8}.Debug|x86.Build.0 = Debug|Win32
		{F17D6118-A18F-4E77-A0FF-2EB57BEE62C8}.Release|x64.ActiveCfg = Release|x64
		{F17D6118-A18F-4E77-A0FF-2EB57BEE62C8}.Release|x64.Build.0 = Release|x64
		{F17D6118-A18F-4E77-A0FF-2EB57BEE62C8}.Release|x86.ActiveCfg = Release|Win32
		{F17D6118-A18F-4E77-A0FF-2EB57BEE62C8}.Release|x86.Build.0 = Release|Win32
		{55D35FB5-3F6A-4F04-B4BC-2C76F1132636}.Debug|x64.ActiveCfg = Debug|x64
		{55D35FB5-3F6A-4F04-B4BC-2C76F1132636}.Debug|x64.Build.0 = Debug|x64
		{55D35FB5-3F6A-4F04-B4BC-2C76F1132636}.Debug|x86.ActiveCfg = Debug|Win32
		{55D35FB5-3F6A-4F04-B4BC-2C76F1132636}.Debug|x86.Build.0 = Debug|Win32
		{55D35FB5-3F6A-4F04-B4BC-2C76F1132636}.Release|x64.ActiveCfg = Release|x64
		{55D35FB5-3F6A-4F04-B4BC-2C76F1132636}.Release|x64.Build.0 = Release|x64
		{55D35FB5-3F6A-4F04-B4BC-2C76F1132636}.Release|x86.ActiveCfg = Release|Win32
		{55D35FB5-3F6A-4F04-B4BC-2C76F1132636}.Release|x86.Build.0 = Release|Win32
		{150CFBE8-752B-4BE4-B9FE-FA45C31C450E}.Debug|x64.ActiveCfg = Debug|x64
		{150CFBE8-752B-4BE4-B9FE-FA45C31C450E}.Debug|x64.Build.0 = Debug|x64
		{150CFBE8-752B-4BE4-B9FE-FA45C31C450E}.Debug|x86.ActiveCfg = Debug|Win32
		{150CFBE8-752B-4BE4-B9FE-FA45C31C450E}.Debug|x86.Build.0 = Debug|Win32
		{150CFBE8-752B-4BE4-B9FE-FA45C31C450E}.Release|x64.ActiveCfg = Release|x64
		{150CFBE8-752B-4BE4-B9FE-FA45C31C450E}.Release|x64.Build.0 = Release|x64
		{150CFBE8-752B-4BE4-B9FE-FA45C31C450E}.Release|x86.ActiveCfg = Release|Win32
		{150CFBE8-752B-4BE4-B9FE-FA45C31C450E}.Release|x86.Build.0 = Release|Win32
		{DED192A2-FC2C-4A79-91FB-CC54827A850B}.Debug|x64.ActiveCfg = Debug|x64
		{DED192A2-FC2C-4A79-91FB-CC54827A850B}.Debug|x64.Build.0 = Debug|x64
		{DED192A2-FC2C-4A79-91FB-CC54827A850B}.Debug|x86.ActiveCfg = Debug|Win32
		{DED192A2-FC2C-4A79-91FB-CC54827A850B}.Debug|x86.Build.0 = Debug|Win32
		{DED192A2-FC2C-4A79-91FB-CC54827A850B}.Release|x64.ActiveCfg = Release|x64
		{DED192A2-FC2C-4A79-91FB-CC54827A850B}.Release|x64.Build.0 = Release|x64
		{DED192A2-FC2C-4A79-91FB-CC54827A850B}.Release|x86.ActiveCfg = Release|Win32
		{DED192A2-FC2C-4A79-91FB-CC54827A850B}.Release|x86.Build.0 = Release|Win32
	EndGlobalSection
	GlobalSection(SolutionProperties) = preSolution
		HideSolutionNode = FALSE
	EndGlobalSection
	GlobalSection(ExtensibilityGlobals) = postSolution
		SolutionGuid = {18A91F0F-D380-448E-9A9D-DBBDEFB6BD02}
	EndGlobalSection
EndGlobal
